
Microsoft Visual Studio Solution File, Format Version 12.00
# Visual Studio Version 17
VisualStudioVersion = 17.6.33723.286
MinimumVisualStudioVersion = 10.0.40219.1
Project("{8BC9CEB8-8B4A-11D0-8D11-00A0C91BC942}") = "OS work", "OS work.vcxproj", "{D2C1E602-E215-4C9E-A4C4-F462293B8B1B}"
EndProject
Global
	GlobalSection(SolutionConfigurationPlatforms) = preSolution
		Debug|x64 = Debug|x64
		Debug|x86 = Debug|x86
		Release|x64 = Release|x64
		Release|x86 = Release|x86
	EndGlobalSection
	GlobalSection(ProjectConfigurationPlatforms) = postSolution
		{D2C1E602-E215-4C9E-A4C4-F462293B8B1B}.Debug|x64.ActiveCfg = Debug|x64
		{D2C1E602-E215-4C9E-A4C4-F462293B8B1B}.Debug|x64.Build.0 = Debug|x64
		{D2C1E602-E215-4C9E-A4C4-F462293B8B1B}.Debug|x86.ActiveCfg = Debug|Win32
		{D2C1E602-E215-4C9E-A4C4-F462293B8B1B}.Debug|x86.Build.0 = Debug|Win32
		{D2C1E602-E215-4C9E-A4C4-F462293B8B1B}.Release|x64.ActiveCfg = Release|x64
		{D2C1E602-E215-4C9E-A4C4-F462293B8B1B}.Release|x64.Build.0 = Release|x64
		{D2C1E602-E215-4C9E-A4C4-F462293B8B1B}.Release|x86.ActiveCfg = Release|Win32
		{D2C1E602-E215-4C9E-A4C4-F462293B8B1B}.Release|x86.Build.0 = Release|Win32
	EndGlobalSection
	GlobalSection(SolutionProperties) = preSolution
		HideSolutionNode = FALSE
	EndGlobalSection
	GlobalSection(ExtensibilityGlobals) = postSolution
		SolutionGuid = {08F88750-48D6-487F-82D5-7C1D6B6DC5FF}
	EndGlobalSection
EndGlobal
